
Microsoft Visual Studio Solution File, Format Version 12.00
# Visual Studio Version 17
VisualStudioVersion = 17.14.36221.1 d17.14
MinimumVisualStudioVersion = 10.0.40219.1
Project("{FAE04EC0-301F-11D3-BF4B-00C04F79EFBC}") = "Insert_Greatest_Common_Divisors_in_Linked_List", "Insert_Greatest_Common_Divisors_in_Linked_List.csproj", "{5603D77E-8469-4FCB-A464-08BBB14A63E9}"
EndProject
Global
	GlobalSection(SolutionConfigurationPlatforms) = preSolution
		Debug|Any CPU = Debug|Any CPU
		Release|Any CPU = Release|Any CPU
	EndGlobalSection
	GlobalSection(ProjectConfigurationPlatforms) = postSolution
		{5603D77E-8469-4FCB-A464-08BBB14A63E9}.Debug|Any CPU.ActiveCfg = Debug|Any CPU
		{5603D77E-8469-4FCB-A464-08BBB14A63E9}.Debug|Any CPU.Build.0 = Debug|Any CPU
		{5603D77E-8469-4FCB-A464-08BBB14A63E9}.Release|Any CPU.ActiveCfg = Release|Any CPU
		{5603D77E-8469-4FCB-A464-08BBB14A63E9}.Release|Any CPU.Build.0 = Release|Any CPU
	EndGlobalSection
	GlobalSection(SolutionProperties) = preSolution
		HideSolutionNode = FALSE
	EndGlobalSection
	GlobalSection(ExtensibilityGlobals) = postSolution
		SolutionGuid = {64681301-68D1-487B-BA43-68B11A7BE621}
	EndGlobalSection
EndGlobal
