
Microsoft Visual Studio Solution File, Format Version 12.00
# Visual Studio Version 17
VisualStudioVersion = 17.14.36221.1 d17.14
MinimumVisualStudioVersion = 10.0.40219.1
Project("{FAE04EC0-301F-11D3-BF4B-00C04F79EFBC}") = "Minimum_Operations_to_Make_Array_Sum_Divisible_by_K", "Minimum_Operations_to_Make_Array_Sum_Divisible_by_K.csproj", "{6BB44279-3D2D-4F10-9998-1E5066EB1EEB}"
EndProject
Global
	GlobalSection(SolutionConfigurationPlatforms) = preSolution
		Debug|Any CPU = Debug|Any CPU
		Release|Any CPU = Release|Any CPU
	EndGlobalSection
	GlobalSection(ProjectConfigurationPlatforms) = postSolution
		{6BB44279-3D2D-4F10-9998-1E5066EB1EEB}.Debug|Any CPU.ActiveCfg = Debug|Any CPU
		{6BB44279-3D2D-4F10-9998-1E5066EB1EEB}.Debug|Any CPU.Build.0 = Debug|Any CPU
		{6BB44279-3D2D-4F10-9998-1E5066EB1EEB}.Release|Any CPU.ActiveCfg = Release|Any CPU
		{6BB44279-3D2D-4F10-9998-1E5066EB1EEB}.Release|Any CPU.Build.0 = Release|Any CPU
	EndGlobalSection
	GlobalSection(SolutionProperties) = preSolution
		HideSolutionNode = FALSE
	EndGlobalSection
	GlobalSection(ExtensibilityGlobals) = postSolution
		SolutionGuid = {564D230A-015E-4098-BA31-7B31EDE9C81C}
	EndGlobalSection
EndGlobal
