
Microsoft Visual Studio Solution File, Format Version 12.00
# Visual Studio Version 17
VisualStudioVersion = 17.14.36221.1 d17.14
MinimumVisualStudioVersion = 10.0.40219.1
Project("{FAE04EC0-301F-11D3-BF4B-00C04F79EFBC}") = "Median_of_Two_Sorted_Arrays", "Median_of_Two_Sorted_Arrays.csproj", "{4C3E4594-BEDD-43E3-8AB5-C6F37C8836CD}"
EndProject
Global
	GlobalSection(SolutionConfigurationPlatforms) = preSolution
		Debug|Any CPU = Debug|Any CPU
		Release|Any CPU = Release|Any CPU
	EndGlobalSection
	GlobalSection(ProjectConfigurationPlatforms) = postSolution
		{4C3E4594-BEDD-43E3-8AB5-C6F37C8836CD}.Debug|Any CPU.ActiveCfg = Debug|Any CPU
		{4C3E4594-BEDD-43E3-8AB5-C6F37C8836CD}.Debug|Any CPU.Build.0 = Debug|Any CPU
		{4C3E4594-BEDD-43E3-8AB5-C6F37C8836CD}.Release|Any CPU.ActiveCfg = Release|Any CPU
		{4C3E4594-BEDD-43E3-8AB5-C6F37C8836CD}.Release|Any CPU.Build.0 = Release|Any CPU
	EndGlobalSection
	GlobalSection(SolutionProperties) = preSolution
		HideSolutionNode = FALSE
	EndGlobalSection
	GlobalSection(ExtensibilityGlobals) = postSolution
		SolutionGuid = {6C48CDD1-70E6-4578-8134-B37A65190C1E}
	EndGlobalSection
EndGlobal
