
Microsoft Visual Studio Solution File, Format Version 12.00
# Visual Studio Version 17
VisualStudioVersion = 17.14.36221.1 d17.14
MinimumVisualStudioVersion = 10.0.40219.1
Project("{FAE04EC0-301F-11D3-BF4B-00C04F79EFBC}") = "Palindrome_Number", "Palindrome_Number.csproj", "{14268145-C967-42D5-ACAC-48B535C7AA10}"
EndProject
Global
	GlobalSection(SolutionConfigurationPlatforms) = preSolution
		Debug|Any CPU = Debug|Any CPU
		Release|Any CPU = Release|Any CPU
	EndGlobalSection
	GlobalSection(ProjectConfigurationPlatforms) = postSolution
		{14268145-C967-42D5-ACAC-48B535C7AA10}.Debug|Any CPU.ActiveCfg = Debug|Any CPU
		{14268145-C967-42D5-ACAC-48B535C7AA10}.Debug|Any CPU.Build.0 = Debug|Any CPU
		{14268145-C967-42D5-ACAC-48B535C7AA10}.Release|Any CPU.ActiveCfg = Release|Any CPU
		{14268145-C967-42D5-ACAC-48B535C7AA10}.Release|Any CPU.Build.0 = Release|Any CPU
	EndGlobalSection
	GlobalSection(SolutionProperties) = preSolution
		HideSolutionNode = FALSE
	EndGlobalSection
	GlobalSection(ExtensibilityGlobals) = postSolution
		SolutionGuid = {46EBC34F-D7E6-431E-9C86-90DFB4F93997}
	EndGlobalSection
EndGlobal
