
Microsoft Visual Studio Solution File, Format Version 12.00
# Visual Studio Version 17
VisualStudioVersion = 17.9.34616.47
MinimumVisualStudioVersion = 10.0.40219.1
Project("{FAE04EC0-301F-11D3-BF4B-00C04F79EFBC}") = "Divisible_and_Non-divisible_Sums_Difference", "Divisible_and_Non-divisible_Sums_Difference.csproj", "{2287969E-2BB0-42EE-83AE-EB9E9975D200}"
EndProject
Global
	GlobalSection(SolutionConfigurationPlatforms) = preSolution
		Debug|Any CPU = Debug|Any CPU
		Release|Any CPU = Release|Any CPU
	EndGlobalSection
	GlobalSection(ProjectConfigurationPlatforms) = postSolution
		{2287969E-2BB0-42EE-83AE-EB9E9975D200}.Debug|Any CPU.ActiveCfg = Debug|Any CPU
		{2287969E-2BB0-42EE-83AE-EB9E9975D200}.Debug|Any CPU.Build.0 = Debug|Any CPU
		{2287969E-2BB0-42EE-83AE-EB9E9975D200}.Release|Any CPU.ActiveCfg = Release|Any CPU
		{2287969E-2BB0-42EE-83AE-EB9E9975D200}.Release|Any CPU.Build.0 = Release|Any CPU
	EndGlobalSection
	GlobalSection(SolutionProperties) = preSolution
		HideSolutionNode = FALSE
	EndGlobalSection
	GlobalSection(ExtensibilityGlobals) = postSolution
		SolutionGuid = {84BAAA60-91B5-401F-9442-3EEDDA080888}
	EndGlobalSection
EndGlobal
