
Microsoft Visual Studio Solution File, Format Version 12.00
# Visual Studio Version 17
VisualStudioVersion = 17.13.35828.75 d17.13
MinimumVisualStudioVersion = 10.0.40219.1
Project("{FAE04EC0-301F-11D3-BF4B-00C04F79EFBC}") = "Partitioning_Into_Minimum_Number_Of_Deci_Binary_Numbers", "Partitioning_Into_Minimum_Number_Of_Deci_Binary_Numbers.csproj", "{F93F18D9-3F84-449C-B97B-587EAFB8F874}"
EndProject
Global
	GlobalSection(SolutionConfigurationPlatforms) = preSolution
		Debug|Any CPU = Debug|Any CPU
		Release|Any CPU = Release|Any CPU
	EndGlobalSection
	GlobalSection(ProjectConfigurationPlatforms) = postSolution
		{F93F18D9-3F84-449C-B97B-587EAFB8F874}.Debug|Any CPU.ActiveCfg = Debug|Any CPU
		{F93F18D9-3F84-449C-B97B-587EAFB8F874}.Debug|Any CPU.Build.0 = Debug|Any CPU
		{F93F18D9-3F84-449C-B97B-587EAFB8F874}.Release|Any CPU.ActiveCfg = Release|Any CPU
		{F93F18D9-3F84-449C-B97B-587EAFB8F874}.Release|Any CPU.Build.0 = Release|Any CPU
	EndGlobalSection
	GlobalSection(SolutionProperties) = preSolution
		HideSolutionNode = FALSE
	EndGlobalSection
	GlobalSection(ExtensibilityGlobals) = postSolution
		SolutionGuid = {EF4459BF-E354-42E2-8F13-CDA1DB64B991}
	EndGlobalSection
EndGlobal
