
Microsoft Visual Studio Solution File, Format Version 12.00
# Visual Studio Version 17
VisualStudioVersion = 17.14.36221.1 d17.14
MinimumVisualStudioVersion = 10.0.40219.1
Project("{FAE04EC0-301F-11D3-BF4B-00C04F79EFBC}") = "Find_Most_Frequent_Vowel_and_Consonant", "Find_Most_Frequent_Vowel_and_Consonant.csproj", "{2C751E72-C417-4D60-9669-58720C411AB8}"
EndProject
Global
	GlobalSection(SolutionConfigurationPlatforms) = preSolution
		Debug|Any CPU = Debug|Any CPU
		Release|Any CPU = Release|Any CPU
	EndGlobalSection
	GlobalSection(ProjectConfigurationPlatforms) = postSolution
		{2C751E72-C417-4D60-9669-58720C411AB8}.Debug|Any CPU.ActiveCfg = Debug|Any CPU
		{2C751E72-C417-4D60-9669-58720C411AB8}.Debug|Any CPU.Build.0 = Debug|Any CPU
		{2C751E72-C417-4D60-9669-58720C411AB8}.Release|Any CPU.ActiveCfg = Release|Any CPU
		{2C751E72-C417-4D60-9669-58720C411AB8}.Release|Any CPU.Build.0 = Release|Any CPU
	EndGlobalSection
	GlobalSection(SolutionProperties) = preSolution
		HideSolutionNode = FALSE
	EndGlobalSection
	GlobalSection(ExtensibilityGlobals) = postSolution
		SolutionGuid = {790DB605-5982-439D-ABBB-71A62C8B5749}
	EndGlobalSection
EndGlobal
