
Microsoft Visual Studio Solution File, Format Version 12.00
# Visual Studio Version 17
VisualStudioVersion = 17.14.36221.1 d17.14
MinimumVisualStudioVersion = 10.0.40219.1
Project("{FAE04EC0-301F-11D3-BF4B-00C04F79EFBC}") = "Restore_Finishing_Order", "Restore_Finishing_Order.csproj", "{346737E9-BDAD-4273-97EB-B6B77B836945}"
EndProject
Global
	GlobalSection(SolutionConfigurationPlatforms) = preSolution
		Debug|Any CPU = Debug|Any CPU
		Release|Any CPU = Release|Any CPU
	EndGlobalSection
	GlobalSection(ProjectConfigurationPlatforms) = postSolution
		{346737E9-BDAD-4273-97EB-B6B77B836945}.Debug|Any CPU.ActiveCfg = Debug|Any CPU
		{346737E9-BDAD-4273-97EB-B6B77B836945}.Debug|Any CPU.Build.0 = Debug|Any CPU
		{346737E9-BDAD-4273-97EB-B6B77B836945}.Release|Any CPU.ActiveCfg = Release|Any CPU
		{346737E9-BDAD-4273-97EB-B6B77B836945}.Release|Any CPU.Build.0 = Release|Any CPU
	EndGlobalSection
	GlobalSection(SolutionProperties) = preSolution
		HideSolutionNode = FALSE
	EndGlobalSection
	GlobalSection(ExtensibilityGlobals) = postSolution
		SolutionGuid = {453A9EFD-4668-4ED8-83D8-57A1739146B6}
	EndGlobalSection
EndGlobal
