
Microsoft Visual Studio Solution File, Format Version 12.00
# Visual Studio Version 17
VisualStudioVersion = 17.14.36221.1 d17.14
MinimumVisualStudioVersion = 10.0.40219.1
Project("{FAE04EC0-301F-11D3-BF4B-00C04F79EFBC}") = "Length_of_Last_Word", "Length_of_Last_Word.csproj", "{A9E062B2-B9A6-44A0-A02F-E5BEF32233C8}"
EndProject
Global
	GlobalSection(SolutionConfigurationPlatforms) = preSolution
		Debug|Any CPU = Debug|Any CPU
		Release|Any CPU = Release|Any CPU
	EndGlobalSection
	GlobalSection(ProjectConfigurationPlatforms) = postSolution
		{A9E062B2-B9A6-44A0-A02F-E5BEF32233C8}.Debug|Any CPU.ActiveCfg = Debug|Any CPU
		{A9E062B2-B9A6-44A0-A02F-E5BEF32233C8}.Debug|Any CPU.Build.0 = Debug|Any CPU
		{A9E062B2-B9A6-44A0-A02F-E5BEF32233C8}.Release|Any CPU.ActiveCfg = Release|Any CPU
		{A9E062B2-B9A6-44A0-A02F-E5BEF32233C8}.Release|Any CPU.Build.0 = Release|Any CPU
	EndGlobalSection
	GlobalSection(SolutionProperties) = preSolution
		HideSolutionNode = FALSE
	EndGlobalSection
	GlobalSection(ExtensibilityGlobals) = postSolution
		SolutionGuid = {141B7D94-3991-4B31-918C-509303847222}
	EndGlobalSection
EndGlobal
