
Microsoft Visual Studio Solution File, Format Version 12.00
# Visual Studio Version 17
VisualStudioVersion = 17.14.36221.1 d17.14
MinimumVisualStudioVersion = 10.0.40219.1
Project("{FAE04EC0-301F-11D3-BF4B-00C04F79EFBC}") = "Partition_Array_According_to_Given_Pivot", "Partition_Array_According_to_Given_Pivot.csproj", "{04734704-F49F-4686-9C09-B3CF001B1124}"
EndProject
Global
	GlobalSection(SolutionConfigurationPlatforms) = preSolution
		Debug|Any CPU = Debug|Any CPU
		Release|Any CPU = Release|Any CPU
	EndGlobalSection
	GlobalSection(ProjectConfigurationPlatforms) = postSolution
		{04734704-F49F-4686-9C09-B3CF001B1124}.Debug|Any CPU.ActiveCfg = Debug|Any CPU
		{04734704-F49F-4686-9C09-B3CF001B1124}.Debug|Any CPU.Build.0 = Debug|Any CPU
		{04734704-F49F-4686-9C09-B3CF001B1124}.Release|Any CPU.ActiveCfg = Release|Any CPU
		{04734704-F49F-4686-9C09-B3CF001B1124}.Release|Any CPU.Build.0 = Release|Any CPU
	EndGlobalSection
	GlobalSection(SolutionProperties) = preSolution
		HideSolutionNode = FALSE
	EndGlobalSection
	GlobalSection(ExtensibilityGlobals) = postSolution
		SolutionGuid = {43F12121-D297-47C5-881A-F1A0FDD91241}
	EndGlobalSection
EndGlobal
