
Microsoft Visual Studio Solution File, Format Version 12.00
# Visual Studio Version 17
VisualStudioVersion = 17.9.34616.47
MinimumVisualStudioVersion = 10.0.40219.1
Project("{FAE04EC0-301F-11D3-BF4B-00C04F79EFBC}") = "Find_Minimum_Operations_to_Make_All_Elements_Divisible_by_Three", "Find_Minimum_Operations_to_Make_All_Elements_Divisible_by_Three.csproj", "{46F600FB-68DC-4B7E-B872-194BD70EB466}"
EndProject
Global
	GlobalSection(SolutionConfigurationPlatforms) = preSolution
		Debug|Any CPU = Debug|Any CPU
		Release|Any CPU = Release|Any CPU
	EndGlobalSection
	GlobalSection(ProjectConfigurationPlatforms) = postSolution
		{46F600FB-68DC-4B7E-B872-194BD70EB466}.Debug|Any CPU.ActiveCfg = Debug|Any CPU
		{46F600FB-68DC-4B7E-B872-194BD70EB466}.Debug|Any CPU.Build.0 = Debug|Any CPU
		{46F600FB-68DC-4B7E-B872-194BD70EB466}.Release|Any CPU.ActiveCfg = Release|Any CPU
		{46F600FB-68DC-4B7E-B872-194BD70EB466}.Release|Any CPU.Build.0 = Release|Any CPU
	EndGlobalSection
	GlobalSection(SolutionProperties) = preSolution
		HideSolutionNode = FALSE
	EndGlobalSection
	GlobalSection(ExtensibilityGlobals) = postSolution
		SolutionGuid = {7AB56CC6-4F7B-49EF-8E87-3C81A6C767A7}
	EndGlobalSection
EndGlobal
