
Microsoft Visual Studio Solution File, Format Version 12.00
# Visual Studio Version 17
VisualStudioVersion = 17.14.36221.1 d17.14
MinimumVisualStudioVersion = 10.0.40219.1
Project("{FAE04EC0-301F-11D3-BF4B-00C04F79EFBC}") = "Two_Sum", "Two_Sum.csproj", "{242619FE-F578-477A-85D7-E5A0E58EB8CC}"
EndProject
Global
	GlobalSection(SolutionConfigurationPlatforms) = preSolution
		Debug|Any CPU = Debug|Any CPU
		Release|Any CPU = Release|Any CPU
	EndGlobalSection
	GlobalSection(ProjectConfigurationPlatforms) = postSolution
		{242619FE-F578-477A-85D7-E5A0E58EB8CC}.Debug|Any CPU.ActiveCfg = Debug|Any CPU
		{242619FE-F578-477A-85D7-E5A0E58EB8CC}.Debug|Any CPU.Build.0 = Debug|Any CPU
		{242619FE-F578-477A-85D7-E5A0E58EB8CC}.Release|Any CPU.ActiveCfg = Release|Any CPU
		{242619FE-F578-477A-85D7-E5A0E58EB8CC}.Release|Any CPU.Build.0 = Release|Any CPU
	EndGlobalSection
	GlobalSection(SolutionProperties) = preSolution
		HideSolutionNode = FALSE
	EndGlobalSection
	GlobalSection(ExtensibilityGlobals) = postSolution
		SolutionGuid = {3F29D1AD-2BA2-454A-96D0-6FACBA958656}
	EndGlobalSection
EndGlobal
