
Microsoft Visual Studio Solution File, Format Version 12.00
# Visual Studio Version 17
VisualStudioVersion = 17.13.35828.75 d17.13
MinimumVisualStudioVersion = 10.0.40219.1
Project("{FAE04EC0-301F-11D3-BF4B-00C04F79EFBC}") = "Add_Two_Integers", "Add_Two_Integers.csproj", "{09F8CB03-FE8E-43D2-A961-A75F5CF098FB}"
EndProject
Global
	GlobalSection(SolutionConfigurationPlatforms) = preSolution
		Debug|Any CPU = Debug|Any CPU
		Release|Any CPU = Release|Any CPU
	EndGlobalSection
	GlobalSection(ProjectConfigurationPlatforms) = postSolution
		{09F8CB03-FE8E-43D2-A961-A75F5CF098FB}.Debug|Any CPU.ActiveCfg = Debug|Any CPU
		{09F8CB03-FE8E-43D2-A961-A75F5CF098FB}.Debug|Any CPU.Build.0 = Debug|Any CPU
		{09F8CB03-FE8E-43D2-A961-A75F5CF098FB}.Release|Any CPU.ActiveCfg = Release|Any CPU
		{09F8CB03-FE8E-43D2-A961-A75F5CF098FB}.Release|Any CPU.Build.0 = Release|Any CPU
	EndGlobalSection
	GlobalSection(SolutionProperties) = preSolution
		HideSolutionNode = FALSE
	EndGlobalSection
	GlobalSection(ExtensibilityGlobals) = postSolution
		SolutionGuid = {082E411D-56D2-4550-8FD3-2CC3C8F86B84}
	EndGlobalSection
EndGlobal
